
Microsoft Visual Studio Solution File, Format Version 12.00
# Visual Studio Version 17
VisualStudioVersion = 17.3.32929.385
MinimumVisualStudioVersion = 10.0.40219.1
Project("{FAE04EC0-301F-11D3-BF4B-00C04F79EFBC}") = "BODSToGTFS", "BODSToGTFS\BODSToGTFS.csproj", "{FEA5FB14-6029-4370-A977-DD0B4610ACA5}"
EndProject
Global
	GlobalSection(SolutionConfigurationPlatforms) = preSolution
		Debug|Any CPU = Debug|Any CPU
		Release|Any CPU = Release|Any CPU
	EndGlobalSection
	GlobalSection(ProjectConfigurationPlatforms) = postSolution
		{FEA5FB14-6029-4370-A977-DD0B4610ACA5}.Debug|Any CPU.ActiveCfg = Debug|Any CPU
		{FEA5FB14-6029-4370-A977-DD0B4610ACA5}.Debug|Any CPU.Build.0 = Debug|Any CPU
		{FEA5FB14-6029-4370-A977-DD0B4610ACA5}.Release|Any CPU.ActiveCfg = Release|Any CPU
		{FEA5FB14-6029-4370-A977-DD0B4610ACA5}.Release|Any CPU.Build.0 = Release|Any CPU
	EndGlobalSection
	GlobalSection(SolutionProperties) = preSolution
		HideSolutionNode = FALSE
	EndGlobalSection
	GlobalSection(ExtensibilityGlobals) = postSolution
		SolutionGuid = {C5172B29-6DEC-4559-A8D6-3762A0A4CAEF}
	EndGlobalSection
EndGlobal
